
Microsoft Visual Studio Solution File, Format Version 12.00
# Visual Studio Version 17
VisualStudioVersion = 17.11.35208.52
MinimumVisualStudioVersion = 10.0.40219.1
Project("{9A19103F-16F7-4668-BE54-9A1E7A4F7556}") = "Assignment01", "Assignment01\Assignment01.csproj", "{1F5DBBA1-E517-4350-A64C-622362B23B39}"
EndProject
Project("{2150E333-8FDC-42A3-9474-1A3956D46DE8}") = "Solution Items", "Solution Items", "{AAE67868-6DB0-411B-84CF-2969ED7CC20E}"
	ProjectSection(SolutionItems) = preProject
		docker-compose.yml = docker-compose.yml
	EndProjectSection
EndProject
Project("{9A19103F-16F7-4668-BE54-9A1E7A4F7556}") = "Assignment01_RazorPages", "Assignment01_RazorPages\Assignment01_RazorPages.csproj", "{0EAC5A0E-6891-4D4C-B845-5DD21D7BB960}"
EndProject
Global
	GlobalSection(SolutionConfigurationPlatforms) = preSolution
		Debug|Any CPU = Debug|Any CPU
		Release|Any CPU = Release|Any CPU
	EndGlobalSection
	GlobalSection(ProjectConfigurationPlatforms) = postSolution
		{1F5DBBA1-E517-4350-A64C-622362B23B39}.Debug|Any CPU.ActiveCfg = Debug|Any CPU
		{1F5DBBA1-E517-4350-A64C-622362B23B39}.Debug|Any CPU.Build.0 = Debug|Any CPU
		{1F5DBBA1-E517-4350-A64C-622362B23B39}.Release|Any CPU.ActiveCfg = Release|Any CPU
		{1F5DBBA1-E517-4350-A64C-622362B23B39}.Release|Any CPU.Build.0 = Release|Any CPU
		{0EAC5A0E-6891-4D4C-B845-5DD21D7BB960}.Debug|Any CPU.ActiveCfg = Debug|Any CPU
		{0EAC5A0E-6891-4D4C-B845-5DD21D7BB960}.Debug|Any CPU.Build.0 = Debug|Any CPU
		{0EAC5A0E-6891-4D4C-B845-5DD21D7BB960}.Release|Any CPU.ActiveCfg = Release|Any CPU
		{0EAC5A0E-6891-4D4C-B845-5DD21D7BB960}.Release|Any CPU.Build.0 = Release|Any CPU
	EndGlobalSection
	GlobalSection(SolutionProperties) = preSolution
		HideSolutionNode = FALSE
	EndGlobalSection
EndGlobal
